
Microsoft Visual Studio Solution File, Format Version 10.00
# Visual Studio 2008
Project("{FAE04EC0-301F-11D3-BF4B-00C04F79EFBC}") = "IT-company-prototype", "IT-company-prototype\IT-company-prototype.csproj", "{D7BA874E-6D89-4F53-9FB7-C924F9C6F739}"
EndProject
Project("{FAE04EC0-301F-11D3-BF4B-00C04F79EFBC}") = "IT-company-prototypeScreens", "IT-company-prototype\IT-company-prototypeScreens\IT-company-prototypeScreens.csproj", "{B7B58249-EB9D-404F-AEA8-E2091C0ADAF7}"
EndProject
Global
	GlobalSection(SolutionConfigurationPlatforms) = preSolution
		Debug|Any CPU = Debug|Any CPU
		Release|Any CPU = Release|Any CPU
	EndGlobalSection
	GlobalSection(ProjectConfigurationPlatforms) = postSolution
		{D7BA874E-6D89-4F53-9FB7-C924F9C6F739}.Debug|Any CPU.ActiveCfg = Debug|Any CPU
		{D7BA874E-6D89-4F53-9FB7-C924F9C6F739}.Debug|Any CPU.Build.0 = Debug|Any CPU
		{D7BA874E-6D89-4F53-9FB7-C924F9C6F739}.Release|Any CPU.ActiveCfg = Release|Any CPU
		{D7BA874E-6D89-4F53-9FB7-C924F9C6F739}.Release|Any CPU.Build.0 = Release|Any CPU
		{B7B58249-EB9D-404F-AEA8-E2091C0ADAF7}.Debug|Any CPU.ActiveCfg = Debug|Any CPU
		{B7B58249-EB9D-404F-AEA8-E2091C0ADAF7}.Debug|Any CPU.Build.0 = Debug|Any CPU
		{B7B58249-EB9D-404F-AEA8-E2091C0ADAF7}.Release|Any CPU.ActiveCfg = Release|Any CPU
		{B7B58249-EB9D-404F-AEA8-E2091C0ADAF7}.Release|Any CPU.Build.0 = Release|Any CPU
	EndGlobalSection
EndGlobal
